<?xml version="1.0" encoding="utf-8"?>
<Project ToolsVersion="16.0" xmlns="http://schemas.microsoft.com/developer/msbuild/2003">
  <ItemGroup>
    <CustomBuild Include="C:\Users\lukas\Documents\Bachelorarbeit\VulkanBase\lib\gdcm\CMakeFiles\f049a3bf4eac606b2666f3e39d031cad\gdcm2pnm.1.rule">
      <Filter>CMake Rules</Filter>
    </CustomBuild>
    <CustomBuild Include="C:\Users\lukas\Documents\Bachelorarbeit\VulkanBase\lib\gdcm\CMakeFiles\f049a3bf4eac606b2666f3e39d031cad\gdcm2vtk.1.rule">
      <Filter>CMake Rules</Filter>
    </CustomBuild>
    <CustomBuild Include="C:\Users\lukas\Documents\Bachelorarbeit\VulkanBase\lib\gdcm\CMakeFiles\f049a3bf4eac606b2666f3e39d031cad\gdcmanon.1.rule">
      <Filter>CMake Rules</Filter>
    </CustomBuild>
    <CustomBuild Include="C:\Users\lukas\Documents\Bachelorarbeit\VulkanBase\lib\gdcm\CMakeFiles\f049a3bf4eac606b2666f3e39d031cad\gdcmconv.1.rule">
      <Filter>CMake Rules</Filter>
    </CustomBuild>
    <CustomBuild Include="C:\Users\lukas\Documents\Bachelorarbeit\VulkanBase\lib\gdcm\CMakeFiles\f049a3bf4eac606b2666f3e39d031cad\gdcmdiff.1.rule">
      <Filter>CMake Rules</Filter>
    </CustomBuild>
    <CustomBuild Include="C:\Users\lukas\Documents\Bachelorarbeit\VulkanBase\lib\gdcm\CMakeFiles\f049a3bf4eac606b2666f3e39d031cad\gdcmdump.1.rule">
      <Filter>CMake Rules</Filter>
    </CustomBuild>
    <CustomBuild Include="C:\Users\lukas\Documents\Bachelorarbeit\VulkanBase\lib\gdcm\CMakeFiles\f049a3bf4eac606b2666f3e39d031cad\gdcmgendir.1.rule">
      <Filter>CMake Rules</Filter>
    </CustomBuild>
    <CustomBuild Include="C:\Users\lukas\Documents\Bachelorarbeit\VulkanBase\lib\gdcm\CMakeFiles\f049a3bf4eac606b2666f3e39d031cad\gdcmimg.1.rule">
      <Filter>CMake Rules</Filter>
    </CustomBuild>
    <CustomBuild Include="C:\Users\lukas\Documents\Bachelorarbeit\VulkanBase\lib\gdcm\CMakeFiles\f049a3bf4eac606b2666f3e39d031cad\gdcminfo.1.rule">
      <Filter>CMake Rules</Filter>
    </CustomBuild>
    <CustomBuild Include="C:\Users\lukas\Documents\Bachelorarbeit\VulkanBase\lib\gdcm\CMakeFiles\f049a3bf4eac606b2666f3e39d031cad\gdcmpap3.1.rule">
      <Filter>CMake Rules</Filter>
    </CustomBuild>
    <CustomBuild Include="C:\Users\lukas\Documents\Bachelorarbeit\VulkanBase\lib\gdcm\CMakeFiles\f049a3bf4eac606b2666f3e39d031cad\gdcmpdf.1.rule">
      <Filter>CMake Rules</Filter>
    </CustomBuild>
    <CustomBuild Include="C:\Users\lukas\Documents\Bachelorarbeit\VulkanBase\lib\gdcm\CMakeFiles\f049a3bf4eac606b2666f3e39d031cad\gdcmraw.1.rule">
      <Filter>CMake Rules</Filter>
    </CustomBuild>
    <CustomBuild Include="C:\Users\lukas\Documents\Bachelorarbeit\VulkanBase\lib\gdcm\CMakeFiles\f049a3bf4eac606b2666f3e39d031cad\gdcmscanner.1.rule">
      <Filter>CMake Rules</Filter>
    </CustomBuild>
    <CustomBuild Include="C:\Users\lukas\Documents\Bachelorarbeit\VulkanBase\lib\gdcm\CMakeFiles\f049a3bf4eac606b2666f3e39d031cad\gdcmscu.1.rule">
      <Filter>CMake Rules</Filter>
    </CustomBuild>
    <CustomBuild Include="C:\Users\lukas\Documents\Bachelorarbeit\VulkanBase\lib\gdcm\CMakeFiles\f049a3bf4eac606b2666f3e39d031cad\gdcmtar.1.rule">
      <Filter>CMake Rules</Filter>
    </CustomBuild>
    <CustomBuild Include="C:\Users\lukas\Documents\Bachelorarbeit\VulkanBase\lib\gdcm\CMakeFiles\f049a3bf4eac606b2666f3e39d031cad\gdcmviewer.1.rule">
      <Filter>CMake Rules</Filter>
    </CustomBuild>
    <CustomBuild Include="C:\Users\lukas\Documents\Bachelorarbeit\VulkanBase\lib\gdcm\CMakeFiles\f049a3bf4eac606b2666f3e39d031cad\gdcmxml.1.rule">
      <Filter>CMake Rules</Filter>
    </CustomBuild>
    <CustomBuild Include="C:\Users\lukas\Documents\Bachelorarbeit\VulkanBase\lib\gdcm\CMakeFiles\cc70280cebd23c222b850260bce94b39\DOCBOOK_MANPAGES.rule">
      <Filter>CMake Rules</Filter>
    </CustomBuild>
    <CustomBuild Include="C:\Users\lukas\Documents\Bachelorarbeit\VulkanBase\lib\gdcm-3.0.10\Utilities\doxygen\CMakeLists.txt" />
  </ItemGroup>
  <ItemGroup>
    <None Include="C:\Users\lukas\Documents\Bachelorarbeit\VulkanBase\lib\gdcm\Utilities\doxygen\CMakeFiles\DOCBOOK_MANPAGES" />
  </ItemGroup>
  <ItemGroup>
    <Filter Include="CMake Rules">
      <UniqueIdentifier>{DB9BEF78-32E8-350D-9955-04F81781A289}</UniqueIdentifier>
    </Filter>
  </ItemGroup>
</Project>
