<?xml version="1.0" encoding="utf-8"?>
<Project ToolsVersion="16.0" xmlns="http://schemas.microsoft.com/developer/msbuild/2003">
  <ItemGroup>
    <ClCompile Include="C:\Users\lukas\Documents\Bachelorarbeit\VulkanBase\lib\gdcm\Testing\Source\InformationObjectDefinition\Cxx\gdcmIODTests.cxx">
      <Filter>Source Files</Filter>
    </ClCompile>
    <ClCompile Include="C:\Users\lukas\Documents\Bachelorarbeit\VulkanBase\lib\gdcm-3.0.10\Testing\Source\InformationObjectDefinition\Cxx\TestTableReader.cxx">
      <Filter>Source Files</Filter>
    </ClCompile>
    <ClCompile Include="C:\Users\lukas\Documents\Bachelorarbeit\VulkanBase\lib\gdcm-3.0.10\Testing\Source\InformationObjectDefinition\Cxx\TestTable.cxx">
      <Filter>Source Files</Filter>
    </ClCompile>
    <ClCompile Include="C:\Users\lukas\Documents\Bachelorarbeit\VulkanBase\lib\gdcm-3.0.10\Testing\Source\InformationObjectDefinition\Cxx\TestTableEntry.cxx">
      <Filter>Source Files</Filter>
    </ClCompile>
    <ClCompile Include="C:\Users\lukas\Documents\Bachelorarbeit\VulkanBase\lib\gdcm-3.0.10\Testing\Source\InformationObjectDefinition\Cxx\TestType.cxx">
      <Filter>Source Files</Filter>
    </ClCompile>
    <ClCompile Include="C:\Users\lukas\Documents\Bachelorarbeit\VulkanBase\lib\gdcm-3.0.10\Testing\Source\InformationObjectDefinition\Cxx\TestModule.cxx">
      <Filter>Source Files</Filter>
    </ClCompile>
    <ClCompile Include="C:\Users\lukas\Documents\Bachelorarbeit\VulkanBase\lib\gdcm-3.0.10\Testing\Source\InformationObjectDefinition\Cxx\TestModules.cxx">
      <Filter>Source Files</Filter>
    </ClCompile>
    <ClCompile Include="C:\Users\lukas\Documents\Bachelorarbeit\VulkanBase\lib\gdcm-3.0.10\Testing\Source\InformationObjectDefinition\Cxx\TestModuleEntry.cxx">
      <Filter>Source Files</Filter>
    </ClCompile>
    <ClCompile Include="C:\Users\lukas\Documents\Bachelorarbeit\VulkanBase\lib\gdcm-3.0.10\Testing\Source\InformationObjectDefinition\Cxx\TestNestedModuleEntries.cxx">
      <Filter>Source Files</Filter>
    </ClCompile>
    <ClCompile Include="C:\Users\lukas\Documents\Bachelorarbeit\VulkanBase\lib\gdcm-3.0.10\Testing\Source\InformationObjectDefinition\Cxx\TestIODEntry.cxx">
      <Filter>Source Files</Filter>
    </ClCompile>
    <ClCompile Include="C:\Users\lukas\Documents\Bachelorarbeit\VulkanBase\lib\gdcm-3.0.10\Testing\Source\InformationObjectDefinition\Cxx\TestIOD.cxx">
      <Filter>Source Files</Filter>
    </ClCompile>
    <ClCompile Include="C:\Users\lukas\Documents\Bachelorarbeit\VulkanBase\lib\gdcm-3.0.10\Testing\Source\InformationObjectDefinition\Cxx\TestIODs.cxx">
      <Filter>Source Files</Filter>
    </ClCompile>
    <ClCompile Include="C:\Users\lukas\Documents\Bachelorarbeit\VulkanBase\lib\gdcm-3.0.10\Testing\Source\InformationObjectDefinition\Cxx\TestDefs.cxx">
      <Filter>Source Files</Filter>
    </ClCompile>
    <ClCompile Include="C:\Users\lukas\Documents\Bachelorarbeit\VulkanBase\lib\gdcm-3.0.10\Testing\Source\InformationObjectDefinition\Cxx\TestPatient.cxx">
      <Filter>Source Files</Filter>
    </ClCompile>
    <ClCompile Include="C:\Users\lukas\Documents\Bachelorarbeit\VulkanBase\lib\gdcm-3.0.10\Testing\Source\InformationObjectDefinition\Cxx\TestSeries.cxx">
      <Filter>Source Files</Filter>
    </ClCompile>
    <ClCompile Include="C:\Users\lukas\Documents\Bachelorarbeit\VulkanBase\lib\gdcm-3.0.10\Testing\Source\InformationObjectDefinition\Cxx\TestStudy.cxx">
      <Filter>Source Files</Filter>
    </ClCompile>
    <ClCompile Include="C:\Users\lukas\Documents\Bachelorarbeit\VulkanBase\lib\gdcm-3.0.10\Testing\Source\InformationObjectDefinition\Cxx\TestDefinedTerms.cxx">
      <Filter>Source Files</Filter>
    </ClCompile>
    <ClCompile Include="C:\Users\lukas\Documents\Bachelorarbeit\VulkanBase\lib\gdcm-3.0.10\Testing\Source\InformationObjectDefinition\Cxx\TestEnumeratedValues.cxx">
      <Filter>Source Files</Filter>
    </ClCompile>
    <ClCompile Include="C:\Users\lukas\Documents\Bachelorarbeit\VulkanBase\lib\gdcm-3.0.10\Testing\Source\InformationObjectDefinition\Cxx\TestUsage.cxx">
      <Filter>Source Files</Filter>
    </ClCompile>
  </ItemGroup>
  <ItemGroup>
    <CustomBuild Include="C:\Users\lukas\Documents\Bachelorarbeit\VulkanBase\lib\gdcm-3.0.10\Testing\Source\InformationObjectDefinition\Cxx\CMakeLists.txt" />
  </ItemGroup>
  <ItemGroup>
    <Filter Include="Source Files">
      <UniqueIdentifier>{0291721D-25C0-39D6-BC35-63BE7F5D95B1}</UniqueIdentifier>
    </Filter>
  </ItemGroup>
</Project>
